
Microsoft Visual Studio Solution File, Format Version 12.00
# Visual Studio 2012
Project("{FAE04EC0-301F-11D3-BF4B-00C04F79EFBC}") = "ProductosCharla", "ProductosCharla\ProductosCharla.csproj", "{B523EAA4-66AF-4D53-A694-9508D162D7CC}"
EndProject
Project("{FAE04EC0-301F-11D3-BF4B-00C04F79EFBC}") = "ProductosCharla.iOS", "iOS\ProductosCharla.iOS.csproj", "{7DF44B85-BF35-42B7-BAB0-C26664360AB8}"
EndProject
Project("{FAE04EC0-301F-11D3-BF4B-00C04F79EFBC}") = "ProductosCharla.Droid", "Droid\ProductosCharla.Droid.csproj", "{257DF6C8-1F8A-463B-BAFC-D09FB8D2C9FE}"
EndProject
Global
	GlobalSection(SolutionConfigurationPlatforms) = preSolution
		Debug|Any CPU = Debug|Any CPU
		Release|Any CPU = Release|Any CPU
		Debug|iPhoneSimulator = Debug|iPhoneSimulator
		Release|iPhone = Release|iPhone
		Release|iPhoneSimulator = Release|iPhoneSimulator
		Debug|iPhone = Debug|iPhone
	EndGlobalSection
	GlobalSection(ProjectConfigurationPlatforms) = postSolution
		{B523EAA4-66AF-4D53-A694-9508D162D7CC}.Debug|Any CPU.ActiveCfg = Debug|Any CPU
		{B523EAA4-66AF-4D53-A694-9508D162D7CC}.Debug|Any CPU.Build.0 = Debug|Any CPU
		{B523EAA4-66AF-4D53-A694-9508D162D7CC}.Release|Any CPU.ActiveCfg = Release|Any CPU
		{B523EAA4-66AF-4D53-A694-9508D162D7CC}.Release|Any CPU.Build.0 = Release|Any CPU
		{B523EAA4-66AF-4D53-A694-9508D162D7CC}.Debug|iPhoneSimulator.ActiveCfg = Debug|Any CPU
		{B523EAA4-66AF-4D53-A694-9508D162D7CC}.Debug|iPhoneSimulator.Build.0 = Debug|Any CPU
		{B523EAA4-66AF-4D53-A694-9508D162D7CC}.Release|iPhone.ActiveCfg = Release|Any CPU
		{B523EAA4-66AF-4D53-A694-9508D162D7CC}.Release|iPhone.Build.0 = Release|Any CPU
		{B523EAA4-66AF-4D53-A694-9508D162D7CC}.Release|iPhoneSimulator.ActiveCfg = Release|Any CPU
		{B523EAA4-66AF-4D53-A694-9508D162D7CC}.Release|iPhoneSimulator.Build.0 = Release|Any CPU
		{B523EAA4-66AF-4D53-A694-9508D162D7CC}.Debug|iPhone.ActiveCfg = Debug|Any CPU
		{B523EAA4-66AF-4D53-A694-9508D162D7CC}.Debug|iPhone.Build.0 = Debug|Any CPU
		{7DF44B85-BF35-42B7-BAB0-C26664360AB8}.Debug|Any CPU.ActiveCfg = Debug|iPhoneSimulator
		{7DF44B85-BF35-42B7-BAB0-C26664360AB8}.Debug|Any CPU.Build.0 = Debug|iPhoneSimulator
		{7DF44B85-BF35-42B7-BAB0-C26664360AB8}.Release|Any CPU.ActiveCfg = Release|iPhone
		{7DF44B85-BF35-42B7-BAB0-C26664360AB8}.Release|Any CPU.Build.0 = Release|iPhone
		{7DF44B85-BF35-42B7-BAB0-C26664360AB8}.Debug|iPhoneSimulator.ActiveCfg = Debug|iPhoneSimulator
		{7DF44B85-BF35-42B7-BAB0-C26664360AB8}.Debug|iPhoneSimulator.Build.0 = Debug|iPhoneSimulator
		{7DF44B85-BF35-42B7-BAB0-C26664360AB8}.Release|iPhone.ActiveCfg = Release|iPhone
		{7DF44B85-BF35-42B7-BAB0-C26664360AB8}.Release|iPhone.Build.0 = Release|iPhone
		{7DF44B85-BF35-42B7-BAB0-C26664360AB8}.Release|iPhoneSimulator.ActiveCfg = Release|iPhoneSimulator
		{7DF44B85-BF35-42B7-BAB0-C26664360AB8}.Release|iPhoneSimulator.Build.0 = Release|iPhoneSimulator
		{7DF44B85-BF35-42B7-BAB0-C26664360AB8}.Debug|iPhone.ActiveCfg = Debug|iPhone
		{7DF44B85-BF35-42B7-BAB0-C26664360AB8}.Debug|iPhone.Build.0 = Debug|iPhone
		{257DF6C8-1F8A-463B-BAFC-D09FB8D2C9FE}.Debug|Any CPU.ActiveCfg = Debug|Any CPU
		{257DF6C8-1F8A-463B-BAFC-D09FB8D2C9FE}.Debug|Any CPU.Build.0 = Debug|Any CPU
		{257DF6C8-1F8A-463B-BAFC-D09FB8D2C9FE}.Release|Any CPU.ActiveCfg = Release|Any CPU
		{257DF6C8-1F8A-463B-BAFC-D09FB8D2C9FE}.Release|Any CPU.Build.0 = Release|Any CPU
		{257DF6C8-1F8A-463B-BAFC-D09FB8D2C9FE}.Debug|iPhoneSimulator.ActiveCfg = Debug|Any CPU
		{257DF6C8-1F8A-463B-BAFC-D09FB8D2C9FE}.Debug|iPhoneSimulator.Build.0 = Debug|Any CPU
		{257DF6C8-1F8A-463B-BAFC-D09FB8D2C9FE}.Release|iPhone.ActiveCfg = Release|Any CPU
		{257DF6C8-1F8A-463B-BAFC-D09FB8D2C9FE}.Release|iPhone.Build.0 = Release|Any CPU
		{257DF6C8-1F8A-463B-BAFC-D09FB8D2C9FE}.Release|iPhoneSimulator.ActiveCfg = Release|Any CPU
		{257DF6C8-1F8A-463B-BAFC-D09FB8D2C9FE}.Release|iPhoneSimulator.Build.0 = Release|Any CPU
		{257DF6C8-1F8A-463B-BAFC-D09FB8D2C9FE}.Debug|iPhone.ActiveCfg = Debug|Any CPU
		{257DF6C8-1F8A-463B-BAFC-D09FB8D2C9FE}.Debug|iPhone.Build.0 = Debug|Any CPU
	EndGlobalSection
EndGlobal
